
Microsoft Visual Studio Solution File, Format Version 12.00
# Visual Studio for Mac
Project("{FAE04EC0-301F-11D3-BF4B-00C04F79EFBC}") = "Sonar", "Sonar.csproj", "{23311826-676A-6CFC-15F4-0622AA02736B}"
EndProject
Global
	GlobalSection(SolutionConfigurationPlatforms) = preSolution
		Debug|Any CPU = Debug|Any CPU
		Release|Any CPU = Release|Any CPU
	EndGlobalSection
	GlobalSection(ProjectConfigurationPlatforms) = postSolution
		{23311826-676A-6CFC-15F4-0622AA02736B}.Debug|Any CPU.ActiveCfg = Debug|Any CPU
		{23311826-676A-6CFC-15F4-0622AA02736B}.Debug|Any CPU.Build.0 = Debug|Any CPU
		{23311826-676A-6CFC-15F4-0622AA02736B}.Release|Any CPU.ActiveCfg = Release|Any CPU
		{23311826-676A-6CFC-15F4-0622AA02736B}.Release|Any CPU.Build.0 = Release|Any CPU
	EndGlobalSection
	GlobalSection(SolutionProperties) = preSolution
		HideSolutionNode = FALSE
	EndGlobalSection
EndGlobal
